// !$*UTF8*$!
{
	archiveVersion = 1;
	classes = {
	};
	objectVersion = 46;
	objects = {

/* Begin PBXBuildFile section */
		092389A81B1D9C92000CC3D6 /* AppDelegate.swift in Sources */ = {isa = PBXBuildFile; fileRef = 092389A71B1D9C92000CC3D6 /* AppDelegate.swift */; };
		092389AA1B1D9C92000CC3D6 /* MainViewController.swift in Sources */ = {isa = PBXBuildFile; fileRef = 092389A91B1D9C92000CC3D6 /* MainViewController.swift */; };
		092389AF1B1D9C92000CC3D6 /* Images.xcassets in Resources */ = {isa = PBXBuildFile; fileRef = 092389AE1B1D9C92000CC3D6 /* Images.xcassets */; };
		092389BE1B1D9C92000CC3D6 /* MoreThanTodayTests.swift in Sources */ = {isa = PBXBuildFile; fileRef = 092389BD1B1D9C92000CC3D6 /* MoreThanTodayTests.swift */; };
		092389CE1B1D9D17000CC3D6 /* NotificationCenter.framework in Frameworks */ = {isa = PBXBuildFile; fileRef = 092389CD1B1D9D17000CC3D6 /* NotificationCenter.framework */; };
		092389D31B1D9D17000CC3D6 /* TodayViewController.swift in Sources */ = {isa = PBXBuildFile; fileRef = 092389D21B1D9D17000CC3D6 /* TodayViewController.swift */; };
		092389D51B1D9D17000CC3D6 /* MainInterface.storyboard in Resources */ = {isa = PBXBuildFile; fileRef = 092389D41B1D9D17000CC3D6 /* MainInterface.storyboard */; };
		092389D81B1D9D17000CC3D6 /* MoreThanTodayWidget.appex in Embed App Extensions */ = {isa = PBXBuildFile; fileRef = 092389CB1B1D9D17000CC3D6 /* MoreThanTodayWidget.appex */; settings = {ATTRIBUTES = (RemoveHeadersOnCopy, ); }; };
		092389DE1B1D9D1F000CC3D6 /* EventKit.framework in Frameworks */ = {isa = PBXBuildFile; fileRef = 092389DD1B1D9D1F000CC3D6 /* EventKit.framework */; };
		092389E01B1D9D53000CC3D6 /* EventCell.swift in Sources */ = {isa = PBXBuildFile; fileRef = 092389DF1B1D9D53000CC3D6 /* EventCell.swift */; };
		093F576F1BB970DD00E5ECC6 /* HeaderPresenter.swift in Sources */ = {isa = PBXBuildFile; fileRef = 093F576E1BB970DD00E5ECC6 /* HeaderPresenter.swift */; };
		096E19011B4FCD2300D0EF79 /* DoneUnwindSegue.swift in Sources */ = {isa = PBXBuildFile; fileRef = 096E19001B4FCD2300D0EF79 /* DoneUnwindSegue.swift */; };
		09754ED21B31A912007C3B95 /* DaysForwardViewController.swift in Sources */ = {isa = PBXBuildFile; fileRef = 09754ED11B31A912007C3B95 /* DaysForwardViewController.swift */; };
		09754ED41B31AA08007C3B95 /* OptionCell.swift in Sources */ = {isa = PBXBuildFile; fileRef = 09754ED31B31AA08007C3B95 /* OptionCell.swift */; };
		09754ED61B31ADF5007C3B95 /* DaysForwardOptions.swift in Sources */ = {isa = PBXBuildFile; fileRef = 09754ED51B31ADF5007C3B95 /* DaysForwardOptions.swift */; };
		09754EDB1B31B675007C3B95 /* LaunchScreen.xib in Resources */ = {isa = PBXBuildFile; fileRef = 09754ED71B31B675007C3B95 /* LaunchScreen.xib */; };
		09754EDC1B31B675007C3B95 /* Main.storyboard in Resources */ = {isa = PBXBuildFile; fileRef = 09754ED91B31B675007C3B95 /* Main.storyboard */; };
		09754EDF1B31B7F4007C3B95 /* Settings.strings in Resources */ = {isa = PBXBuildFile; fileRef = 09754EDD1B31B7F4007C3B95 /* Settings.strings */; };
		09754EE71B31BC27007C3B95 /* Widget.strings in Resources */ = {isa = PBXBuildFile; fileRef = 09754EE51B31BC27007C3B95 /* Widget.strings */; };
		09754EE81B31BC29007C3B95 /* Widget.strings in Resources */ = {isa = PBXBuildFile; fileRef = 09754EE51B31BC27007C3B95 /* Widget.strings */; };
		09754EED1B31BEF5007C3B95 /* SelectCalendarsViewController.swift in Sources */ = {isa = PBXBuildFile; fileRef = 09754EEC1B31BEF5007C3B95 /* SelectCalendarsViewController.swift */; };
		098AF5881B4B0359007892F3 /* IntroViewController.swift in Sources */ = {isa = PBXBuildFile; fileRef = 098AF5871B4B0359007892F3 /* IntroViewController.swift */; };
		09A31E421B4480A7009B7401 /* EmptyStateCell.swift in Sources */ = {isa = PBXBuildFile; fileRef = 09A31E411B4480A7009B7401 /* EmptyStateCell.swift */; };
		09CA7CF91B4D580B002B41D8 /* BorderButton.swift in Sources */ = {isa = PBXBuildFile; fileRef = 09CA7CF81B4D580B002B41D8 /* BorderButton.swift */; };
		09CA7CFB1B4D61AC002B41D8 /* CALayer+borderUIColor.swift in Sources */ = {isa = PBXBuildFile; fileRef = 09CA7CFA1B4D61AC002B41D8 /* CALayer+borderUIColor.swift */; };
		09CA7CFD1B4D63C0002B41D8 /* IntroDismissTransition.swift in Sources */ = {isa = PBXBuildFile; fileRef = 09CA7CFC1B4D63C0002B41D8 /* IntroDismissTransition.swift */; };
		09CE0E061B3AF0E00025BA5D /* EventCache.swift in Sources */ = {isa = PBXBuildFile; fileRef = 09CE0E051B3AF0E00025BA5D /* EventCache.swift */; };
		CA01F68C1B2E36270024481E /* DefaultsConstants.swift in Sources */ = {isa = PBXBuildFile; fileRef = CA01F68B1B2E36270024481E /* DefaultsConstants.swift */; };
		CA01F68D1B2E366A0024481E /* DefaultsConstants.swift in Sources */ = {isa = PBXBuildFile; fileRef = CA01F68B1B2E36270024481E /* DefaultsConstants.swift */; };
		CA0D1B991B2E2A7300C8F557 /* DatesHelper.swift in Sources */ = {isa = PBXBuildFile; fileRef = CA0D1B981B2E2A7300C8F557 /* DatesHelper.swift */; };
		CA33D5FB1B5C376600A9E33B /* Event.swift in Sources */ = {isa = PBXBuildFile; fileRef = CA33D5FA1B5C376600A9E33B /* Event.swift */; };
		CA46B3981B4E4BB90054665D /* AnimationUtilities.swift in Sources */ = {isa = PBXBuildFile; fileRef = CA46B3971B4E4BB90054665D /* AnimationUtilities.swift */; };
		CA46B39A1B4E4C440054665D /* SettingsButtonSegue.swift in Sources */ = {isa = PBXBuildFile; fileRef = CA46B3991B4E4C440054665D /* SettingsButtonSegue.swift */; };
		CA99DA841B2AF50A00267948 /* EventPresenter.swift in Sources */ = {isa = PBXBuildFile; fileRef = CA99DA831B2AF50A00267948 /* EventPresenter.swift */; };
/* End PBXBuildFile section */

/* Begin PBXContainerItemProxy section */
		092389B81B1D9C92000CC3D6 /* PBXContainerItemProxy */ = {
			isa = PBXContainerItemProxy;
			containerPortal = 0923899A1B1D9C92000CC3D6 /* Project object */;
			proxyType = 1;
			remoteGlobalIDString = 092389A11B1D9C92000CC3D6;
			remoteInfo = MoreThanToday;
		};
		092389D61B1D9D17000CC3D6 /* PBXContainerItemProxy */ = {
			isa = PBXContainerItemProxy;
			containerPortal = 0923899A1B1D9C92000CC3D6 /* Project object */;
			proxyType = 1;
			remoteGlobalIDString = 092389CA1B1D9D17000CC3D6;
			remoteInfo = MoreThanTodayWidget;
		};
/* End PBXContainerItemProxy section */

/* Begin PBXCopyFilesBuildPhase section */
		092389DC1B1D9D17000CC3D6 /* Embed App Extensions */ = {
			isa = PBXCopyFilesBuildPhase;
			buildActionMask = 2147483647;
			dstPath = "";
			dstSubfolderSpec = 13;
			files = (
				092389D81B1D9D17000CC3D6 /* MoreThanTodayWidget.appex in Embed App Extensions */,
			);
			name = "Embed App Extensions";
			runOnlyForDeploymentPostprocessing = 0;
		};
/* End PBXCopyFilesBuildPhase section */

/* Begin PBXFileReference section */
		092389A21B1D9C92000CC3D6 /* MoreThanToday.app */ = {isa = PBXFileReference; explicitFileType = wrapper.application; includeInIndex = 0; path = MoreThanToday.app; sourceTree = BUILT_PRODUCTS_DIR; };
		092389A61B1D9C92000CC3D6 /* Info.plist */ = {isa = PBXFileReference; lastKnownFileType = text.plist.xml; path = Info.plist; sourceTree = "<group>"; };
		092389A71B1D9C92000CC3D6 /* AppDelegate.swift */ = {isa = PBXFileReference; lastKnownFileType = sourcecode.swift; path = AppDelegate.swift; sourceTree = "<group>"; };
		092389A91B1D9C92000CC3D6 /* MainViewController.swift */ = {isa = PBXFileReference; lastKnownFileType = sourcecode.swift; path = MainViewController.swift; sourceTree = "<group>"; };
		092389AE1B1D9C92000CC3D6 /* Images.xcassets */ = {isa = PBXFileReference; lastKnownFileType = folder.assetcatalog; path = Images.xcassets; sourceTree = "<group>"; };
		092389B71B1D9C92000CC3D6 /* MoreThanTodayTests.xctest */ = {isa = PBXFileReference; explicitFileType = wrapper.cfbundle; includeInIndex = 0; path = MoreThanTodayTests.xctest; sourceTree = BUILT_PRODUCTS_DIR; };
		092389BC1B1D9C92000CC3D6 /* Info.plist */ = {isa = PBXFileReference; lastKnownFileType = text.plist.xml; path = Info.plist; sourceTree = "<group>"; };
		092389BD1B1D9C92000CC3D6 /* MoreThanTodayTests.swift */ = {isa = PBXFileReference; lastKnownFileType = sourcecode.swift; path = MoreThanTodayTests.swift; sourceTree = "<group>"; };
		092389CB1B1D9D17000CC3D6 /* MoreThanTodayWidget.appex */ = {isa = PBXFileReference; explicitFileType = "wrapper.app-extension"; includeInIndex = 0; path = MoreThanTodayWidget.appex; sourceTree = BUILT_PRODUCTS_DIR; };
		092389CD1B1D9D17000CC3D6 /* NotificationCenter.framework */ = {isa = PBXFileReference; lastKnownFileType = wrapper.framework; name = NotificationCenter.framework; path = System/Library/Frameworks/NotificationCenter.framework; sourceTree = SDKROOT; };
		092389D11B1D9D17000CC3D6 /* Info.plist */ = {isa = PBXFileReference; lastKnownFileType = text.plist.xml; path = Info.plist; sourceTree = "<group>"; };
		092389D21B1D9D17000CC3D6 /* TodayViewController.swift */ = {isa = PBXFileReference; lastKnownFileType = sourcecode.swift; path = TodayViewController.swift; sourceTree = "<group>"; };
		092389D41B1D9D17000CC3D6 /* MainInterface.storyboard */ = {isa = PBXFileReference; lastKnownFileType = file.storyboard; path = MainInterface.storyboard; sourceTree = "<group>"; };
		092389DD1B1D9D1F000CC3D6 /* EventKit.framework */ = {isa = PBXFileReference; lastKnownFileType = wrapper.framework; name = EventKit.framework; path = System/Library/Frameworks/EventKit.framework; sourceTree = SDKROOT; };
		092389DF1B1D9D53000CC3D6 /* EventCell.swift */ = {isa = PBXFileReference; fileEncoding = 4; lastKnownFileType = sourcecode.swift; path = EventCell.swift; sourceTree = "<group>"; };
		092389E11B1D9E8C000CC3D6 /* MoreThanTodayWidget.entitlements */ = {isa = PBXFileReference; lastKnownFileType = text.xml; path = MoreThanTodayWidget.entitlements; sourceTree = "<group>"; };
		093F576E1BB970DD00E5ECC6 /* HeaderPresenter.swift */ = {isa = PBXFileReference; fileEncoding = 4; lastKnownFileType = sourcecode.swift; path = HeaderPresenter.swift; sourceTree = "<group>"; };
		096E19001B4FCD2300D0EF79 /* DoneUnwindSegue.swift */ = {isa = PBXFileReference; fileEncoding = 4; lastKnownFileType = sourcecode.swift; path = DoneUnwindSegue.swift; sourceTree = "<group>"; };
		09754ED11B31A912007C3B95 /* DaysForwardViewController.swift */ = {isa = PBXFileReference; fileEncoding = 4; lastKnownFileType = sourcecode.swift; path = DaysForwardViewController.swift; sourceTree = "<group>"; };
		09754ED31B31AA08007C3B95 /* OptionCell.swift */ = {isa = PBXFileReference; fileEncoding = 4; lastKnownFileType = sourcecode.swift; path = OptionCell.swift; sourceTree = "<group>"; };
		09754ED51B31ADF5007C3B95 /* DaysForwardOptions.swift */ = {isa = PBXFileReference; fileEncoding = 4; lastKnownFileType = sourcecode.swift; path = DaysForwardOptions.swift; sourceTree = "<group>"; };
		09754ED81B31B675007C3B95 /* Base */ = {isa = PBXFileReference; lastKnownFileType = file.xib; name = Base; path = Base.lproj/LaunchScreen.xib; sourceTree = "<group>"; };
		09754EDA1B31B675007C3B95 /* Base */ = {isa = PBXFileReference; lastKnownFileType = file.storyboard; name = Base; path = Base.lproj/Main.storyboard; sourceTree = "<group>"; };
		09754EDE1B31B7F4007C3B95 /* Base */ = {isa = PBXFileReference; lastKnownFileType = text.plist.strings; name = Base; path = Base.lproj/Settings.strings; sourceTree = "<group>"; };
		09754EE61B31BC27007C3B95 /* Base */ = {isa = PBXFileReference; lastKnownFileType = text.plist.strings; name = Base; path = Base.lproj/Widget.strings; sourceTree = "<group>"; };
		09754EEA1B31BC33007C3B95 /* en */ = {isa = PBXFileReference; lastKnownFileType = text.plist.strings; name = en; path = en.lproj/Settings.strings; sourceTree = "<group>"; };
		09754EEB1B31BC54007C3B95 /* en */ = {isa = PBXFileReference; lastKnownFileType = text.plist.strings; name = en; path = en.lproj/Widget.strings; sourceTree = "<group>"; };
		09754EEC1B31BEF5007C3B95 /* SelectCalendarsViewController.swift */ = {isa = PBXFileReference; fileEncoding = 4; lastKnownFileType = sourcecode.swift; path = SelectCalendarsViewController.swift; sourceTree = "<group>"; };
		098AF5871B4B0359007892F3 /* IntroViewController.swift */ = {isa = PBXFileReference; fileEncoding = 4; lastKnownFileType = sourcecode.swift; path = IntroViewController.swift; sourceTree = "<group>"; };
		09A31E411B4480A7009B7401 /* EmptyStateCell.swift */ = {isa = PBXFileReference; fileEncoding = 4; lastKnownFileType = sourcecode.swift; path = EmptyStateCell.swift; sourceTree = "<group>"; };
		09CA7CF81B4D580B002B41D8 /* BorderButton.swift */ = {isa = PBXFileReference; fileEncoding = 4; lastKnownFileType = sourcecode.swift; path = BorderButton.swift; sourceTree = "<group>"; };
		09CA7CFA1B4D61AC002B41D8 /* CALayer+borderUIColor.swift */ = {isa = PBXFileReference; fileEncoding = 4; lastKnownFileType = sourcecode.swift; path = "CALayer+borderUIColor.swift"; sourceTree = "<group>"; };
		09CA7CFC1B4D63C0002B41D8 /* IntroDismissTransition.swift */ = {isa = PBXFileReference; fileEncoding = 4; lastKnownFileType = sourcecode.swift; path = IntroDismissTransition.swift; sourceTree = "<group>"; };
		09CE0E051B3AF0E00025BA5D /* EventCache.swift */ = {isa = PBXFileReference; fileEncoding = 4; lastKnownFileType = sourcecode.swift; path = EventCache.swift; sourceTree = "<group>"; };
		CA01F68A1B2E334C0024481E /* MoreThanToday.entitlements */ = {isa = PBXFileReference; lastKnownFileType = text.xml; path = MoreThanToday.entitlements; sourceTree = "<group>"; };
		CA01F68B1B2E36270024481E /* DefaultsConstants.swift */ = {isa = PBXFileReference; fileEncoding = 4; lastKnownFileType = sourcecode.swift; path = DefaultsConstants.swift; sourceTree = "<group>"; };
		CA0D1B981B2E2A7300C8F557 /* DatesHelper.swift */ = {isa = PBXFileReference; fileEncoding = 4; lastKnownFileType = sourcecode.swift; path = DatesHelper.swift; sourceTree = "<group>"; };
		CA33D5FA1B5C376600A9E33B /* Event.swift */ = {isa = PBXFileReference; fileEncoding = 4; lastKnownFileType = sourcecode.swift; path = Event.swift; sourceTree = "<group>"; };
		CA46B3971B4E4BB90054665D /* AnimationUtilities.swift */ = {isa = PBXFileReference; fileEncoding = 4; lastKnownFileType = sourcecode.swift; path = AnimationUtilities.swift; sourceTree = "<group>"; };
		CA46B3991B4E4C440054665D /* SettingsButtonSegue.swift */ = {isa = PBXFileReference; fileEncoding = 4; lastKnownFileType = sourcecode.swift; path = SettingsButtonSegue.swift; sourceTree = "<group>"; };
		CA99DA831B2AF50A00267948 /* EventPresenter.swift */ = {isa = PBXFileReference; fileEncoding = 4; lastKnownFileType = sourcecode.swift; path = EventPresenter.swift; sourceTree = "<group>"; };
/* End PBXFileReference section */

/* Begin PBXFrameworksBuildPhase section */
		0923899F1B1D9C92000CC3D6 /* Frameworks */ = {
			isa = PBXFrameworksBuildPhase;
			buildActionMask = 2147483647;
			files = (
			);
			runOnlyForDeploymentPostprocessing = 0;
		};
		092389B41B1D9C92000CC3D6 /* Frameworks */ = {
			isa = PBXFrameworksBuildPhase;
			buildActionMask = 2147483647;
			files = (
			);
			runOnlyForDeploymentPostprocessing = 0;
		};
		092389C81B1D9D17000CC3D6 /* Frameworks */ = {
			isa = PBXFrameworksBuildPhase;
			buildActionMask = 2147483647;
			files = (
				092389DE1B1D9D1F000CC3D6 /* EventKit.framework in Frameworks */,
				092389CE1B1D9D17000CC3D6 /* NotificationCenter.framework in Frameworks */,
			);
			runOnlyForDeploymentPostprocessing = 0;
		};
/* End PBXFrameworksBuildPhase section */

/* Begin PBXGroup section */
		092389991B1D9C92000CC3D6 = {
			isa = PBXGroup;
			children = (
				092389A41B1D9C92000CC3D6 /* MoreThanToday */,
				092389BA1B1D9C92000CC3D6 /* MoreThanTodayTests */,
				092389CF1B1D9D17000CC3D6 /* MoreThanTodayWidget */,
				092389CC1B1D9D17000CC3D6 /* Frameworks */,
				092389A31B1D9C92000CC3D6 /* Products */,
			);
			sourceTree = "<group>";
		};
		092389A31B1D9C92000CC3D6 /* Products */ = {
			isa = PBXGroup;
			children = (
				092389A21B1D9C92000CC3D6 /* MoreThanToday.app */,
				092389B71B1D9C92000CC3D6 /* MoreThanTodayTests.xctest */,
				092389CB1B1D9D17000CC3D6 /* MoreThanTodayWidget.appex */,
			);
			name = Products;
			sourceTree = "<group>";
		};
		092389A41B1D9C92000CC3D6 /* MoreThanToday */ = {
			isa = PBXGroup;
			children = (
				092389AE1B1D9C92000CC3D6 /* Images.xcassets */,
				092389A71B1D9C92000CC3D6 /* AppDelegate.swift */,
				09754EE31B31B8C1007C3B95 /* vc */,
				09754EE21B31B8AB007C3B95 /* ui */,
				09754EE41B31B8D6007C3B95 /* data */,
				09754EE11B31B85B007C3B95 /* strings */,
				092389A51B1D9C92000CC3D6 /* Supporting Files */,
			);
			path = MoreThanToday;
			sourceTree = "<group>";
		};
		092389A51B1D9C92000CC3D6 /* Supporting Files */ = {
			isa = PBXGroup;
			children = (
				CA01F68A1B2E334C0024481E /* MoreThanToday.entitlements */,
				092389A61B1D9C92000CC3D6 /* Info.plist */,
			);
			name = "Supporting Files";
			sourceTree = "<group>";
		};
		092389BA1B1D9C92000CC3D6 /* MoreThanTodayTests */ = {
			isa = PBXGroup;
			children = (
				092389BD1B1D9C92000CC3D6 /* MoreThanTodayTests.swift */,
				092389BB1B1D9C92000CC3D6 /* Supporting Files */,
			);
			path = MoreThanTodayTests;
			sourceTree = "<group>";
		};
		092389BB1B1D9C92000CC3D6 /* Supporting Files */ = {
			isa = PBXGroup;
			children = (
				092389BC1B1D9C92000CC3D6 /* Info.plist */,
			);
			name = "Supporting Files";
			sourceTree = "<group>";
		};
		092389CC1B1D9D17000CC3D6 /* Frameworks */ = {
			isa = PBXGroup;
			children = (
				092389DD1B1D9D1F000CC3D6 /* EventKit.framework */,
				092389CD1B1D9D17000CC3D6 /* NotificationCenter.framework */,
			);
			name = Frameworks;
			sourceTree = "<group>";
		};
		092389CF1B1D9D17000CC3D6 /* MoreThanTodayWidget */ = {
			isa = PBXGroup;
			children = (
				CABC25BE1B4DB2A500CE8551 /* vc */,
				CA33D5F91B5C374C00A9E33B /* model */,
				CABC25BF1B4DB2C100CE8551 /* ui */,
				CABC25C01B4DB2D900CE8551 /* utils */,
				092389D01B1D9D17000CC3D6 /* Supporting Files */,
			);
			path = MoreThanTodayWidget;
			sourceTree = "<group>";
		};
		092389D01B1D9D17000CC3D6 /* Supporting Files */ = {
			isa = PBXGroup;
			children = (
				092389E11B1D9E8C000CC3D6 /* MoreThanTodayWidget.entitlements */,
				092389D11B1D9D17000CC3D6 /* Info.plist */,
			);
			name = "Supporting Files";
			sourceTree = "<group>";
		};
		09754EE11B31B85B007C3B95 /* strings */ = {
			isa = PBXGroup;
			children = (
				09754EDD1B31B7F4007C3B95 /* Settings.strings */,
				09754EE51B31BC27007C3B95 /* Widget.strings */,
			);
			name = strings;
			sourceTree = "<group>";
		};
		09754EE21B31B8AB007C3B95 /* ui */ = {
			isa = PBXGroup;
			children = (
				CABC25BC1B4DB1E400CE8551 /* animation */,
				CABC25BD1B4DB1F500CE8551 /* elements */,
				09CA7CFA1B4D61AC002B41D8 /* CALayer+borderUIColor.swift */,
				09754ED91B31B675007C3B95 /* Main.storyboard */,
				09754ED71B31B675007C3B95 /* LaunchScreen.xib */,
			);
			name = ui;
			sourceTree = "<group>";
		};
		09754EE31B31B8C1007C3B95 /* vc */ = {
			isa = PBXGroup;
			children = (
				092389A91B1D9C92000CC3D6 /* MainViewController.swift */,
				09754ED11B31A912007C3B95 /* DaysForwardViewController.swift */,
				09754EEC1B31BEF5007C3B95 /* SelectCalendarsViewController.swift */,
				098AF5871B4B0359007892F3 /* IntroViewController.swift */,
			);
			name = vc;
			sourceTree = "<group>";
		};
		09754EE41B31B8D6007C3B95 /* data */ = {
			isa = PBXGroup;
			children = (
				CA01F68B1B2E36270024481E /* DefaultsConstants.swift */,
				09754ED51B31ADF5007C3B95 /* DaysForwardOptions.swift */,
			);
			name = data;
			sourceTree = "<group>";
		};
		CA33D5F91B5C374C00A9E33B /* model */ = {
			isa = PBXGroup;
			children = (
				CA33D5FA1B5C376600A9E33B /* Event.swift */,
			);
			name = model;
			sourceTree = "<group>";
		};
		CABC25BC1B4DB1E400CE8551 /* animation */ = {
			isa = PBXGroup;
			children = (
				09CA7CFC1B4D63C0002B41D8 /* IntroDismissTransition.swift */,
				CA46B3991B4E4C440054665D /* SettingsButtonSegue.swift */,
				096E19001B4FCD2300D0EF79 /* DoneUnwindSegue.swift */,
				CA46B3971B4E4BB90054665D /* AnimationUtilities.swift */,
			);
			name = animation;
			sourceTree = "<group>";
		};
		CABC25BD1B4DB1F500CE8551 /* elements */ = {
			isa = PBXGroup;
			children = (
				09CA7CF81B4D580B002B41D8 /* BorderButton.swift */,
				09754ED31B31AA08007C3B95 /* OptionCell.swift */,
			);
			name = elements;
			sourceTree = "<group>";
		};
		CABC25BE1B4DB2A500CE8551 /* vc */ = {
			isa = PBXGroup;
			children = (
				092389D21B1D9D17000CC3D6 /* TodayViewController.swift */,
			);
			name = vc;
			sourceTree = "<group>";
		};
		CABC25BF1B4DB2C100CE8551 /* ui */ = {
			isa = PBXGroup;
			children = (
				CABC25C11B4DB2EC00CE8551 /* elements */,
				CABC25C21B4DB2F700CE8551 /* presenters */,
				092389D41B1D9D17000CC3D6 /* MainInterface.storyboard */,
			);
			name = ui;
			sourceTree = "<group>";
		};
		CABC25C01B4DB2D900CE8551 /* utils */ = {
			isa = PBXGroup;
			children = (
				CA0D1B981B2E2A7300C8F557 /* DatesHelper.swift */,
				09CE0E051B3AF0E00025BA5D /* EventCache.swift */,
			);
			name = utils;
			sourceTree = "<group>";
		};
		CABC25C11B4DB2EC00CE8551 /* elements */ = {
			isa = PBXGroup;
			children = (
				09A31E411B4480A7009B7401 /* EmptyStateCell.swift */,
				092389DF1B1D9D53000CC3D6 /* EventCell.swift */,
			);
			name = elements;
			sourceTree = "<group>";
		};
		CABC25C21B4DB2F700CE8551 /* presenters */ = {
			isa = PBXGroup;
			children = (
				CA99DA831B2AF50A00267948 /* EventPresenter.swift */,
				093F576E1BB970DD00E5ECC6 /* HeaderPresenter.swift */,
			);
			name = presenters;
			sourceTree = "<group>";
		};
/* End PBXGroup section */

/* Begin PBXNativeTarget section */
		092389A11B1D9C92000CC3D6 /* MoreThanToday */ = {
			isa = PBXNativeTarget;
			buildConfigurationList = 092389C11B1D9C92000CC3D6 /* Build configuration list for PBXNativeTarget "MoreThanToday" */;
			buildPhases = (
				0923899E1B1D9C92000CC3D6 /* Sources */,
				0923899F1B1D9C92000CC3D6 /* Frameworks */,
				092389A01B1D9C92000CC3D6 /* Resources */,
				092389DC1B1D9D17000CC3D6 /* Embed App Extensions */,
			);
			buildRules = (
			);
			dependencies = (
				092389D71B1D9D17000CC3D6 /* PBXTargetDependency */,
			);
			name = MoreThanToday;
			productName = MoreThanToday;
			productReference = 092389A21B1D9C92000CC3D6 /* MoreThanToday.app */;
			productType = "com.apple.product-type.application";
		};
		092389B61B1D9C92000CC3D6 /* MoreThanTodayTests */ = {
			isa = PBXNativeTarget;
			buildConfigurationList = 092389C41B1D9C92000CC3D6 /* Build configuration list for PBXNativeTarget "MoreThanTodayTests" */;
			buildPhases = (
				092389B31B1D9C92000CC3D6 /* Sources */,
				092389B41B1D9C92000CC3D6 /* Frameworks */,
				092389B51B1D9C92000CC3D6 /* Resources */,
			);
			buildRules = (
			);
			dependencies = (
				092389B91B1D9C92000CC3D6 /* PBXTargetDependency */,
			);
			name = MoreThanTodayTests;
			productName = MoreThanTodayTests;
			productReference = 092389B71B1D9C92000CC3D6 /* MoreThanTodayTests.xctest */;
			productType = "com.apple.product-type.bundle.unit-test";
		};
		092389CA1B1D9D17000CC3D6 /* MoreThanTodayWidget */ = {
			isa = PBXNativeTarget;
			buildConfigurationList = 092389D91B1D9D17000CC3D6 /* Build configuration list for PBXNativeTarget "MoreThanTodayWidget" */;
			buildPhases = (
				092389C71B1D9D17000CC3D6 /* Sources */,
				092389C81B1D9D17000CC3D6 /* Frameworks */,
				092389C91B1D9D17000CC3D6 /* Resources */,
			);
			buildRules = (
			);
			dependencies = (
			);
			name = MoreThanTodayWidget;
			productName = MoreThanTodayWidget;
			productReference = 092389CB1B1D9D17000CC3D6 /* MoreThanTodayWidget.appex */;
			productType = "com.apple.product-type.app-extension";
		};
/* End PBXNativeTarget section */

/* Begin PBXProject section */
		0923899A1B1D9C92000CC3D6 /* Project object */ = {
			isa = PBXProject;
			attributes = {
				LastSwiftMigration = 0700;
				LastSwiftUpdateCheck = 0700;
				LastUpgradeCheck = 0630;
				ORGANIZATIONNAME = "Gelber, Assaf";
				TargetAttributes = {
					092389A11B1D9C92000CC3D6 = {
						CreatedOnToolsVersion = 6.3.2;
						DevelopmentTeam = 99GMBT5ZE2;
						SystemCapabilities = {
							com.apple.ApplicationGroups.iOS = {
								enabled = 1;
							};
						};
					};
					092389B61B1D9C92000CC3D6 = {
						CreatedOnToolsVersion = 6.3.2;
						TestTargetID = 092389A11B1D9C92000CC3D6;
					};
					092389CA1B1D9D17000CC3D6 = {
						CreatedOnToolsVersion = 6.3.2;
						DevelopmentTeam = 99GMBT5ZE2;
						SystemCapabilities = {
							com.apple.ApplicationGroups.iOS = {
								enabled = 1;
							};
						};
					};
				};
			};
			buildConfigurationList = 0923899D1B1D9C92000CC3D6 /* Build configuration list for PBXProject "MoreThanToday" */;
			compatibilityVersion = "Xcode 3.2";
			developmentRegion = English;
			hasScannedForEncodings = 0;
			knownRegions = (
				en,
				Base,
			);
			mainGroup = 092389991B1D9C92000CC3D6;
			productRefGroup = 092389A31B1D9C92000CC3D6 /* Products */;
			projectDirPath = "";
			projectRoot = "";
			targets = (
				092389A11B1D9C92000CC3D6 /* MoreThanToday */,
				092389B61B1D9C92000CC3D6 /* MoreThanTodayTests */,
				092389CA1B1D9D17000CC3D6 /* MoreThanTodayWidget */,
			);
		};
/* End PBXProject section */

/* Begin PBXResourcesBuildPhase section */
		092389A01B1D9C92000CC3D6 /* Resources */ = {
			isa = PBXResourcesBuildPhase;
			buildActionMask = 2147483647;
			files = (
				09754EDC1B31B675007C3B95 /* Main.storyboard in Resources */,
				09754EE71B31BC27007C3B95 /* Widget.strings in Resources */,
				09754EDF1B31B7F4007C3B95 /* Settings.strings in Resources */,
				09754EDB1B31B675007C3B95 /* LaunchScreen.xib in Resources */,
				092389AF1B1D9C92000CC3D6 /* Images.xcassets in Resources */,
			);
			runOnlyForDeploymentPostprocessing = 0;
		};
		092389B51B1D9C92000CC3D6 /* Resources */ = {
			isa = PBXResourcesBuildPhase;
			buildActionMask = 2147483647;
			files = (
			);
			runOnlyForDeploymentPostprocessing = 0;
		};
		092389C91B1D9D17000CC3D6 /* Resources */ = {
			isa = PBXResourcesBuildPhase;
			buildActionMask = 2147483647;
			files = (
				09754EE81B31BC29007C3B95 /* Widget.strings in Resources */,
				092389D51B1D9D17000CC3D6 /* MainInterface.storyboard in Resources */,
			);
			runOnlyForDeploymentPostprocessing = 0;
		};
/* End PBXResourcesBuildPhase section */

/* Begin PBXSourcesBuildPhase section */
		0923899E1B1D9C92000CC3D6 /* Sources */ = {
			isa = PBXSourcesBuildPhase;
			buildActionMask = 2147483647;
			files = (
				098AF5881B4B0359007892F3 /* IntroViewController.swift in Sources */,
				09CA7CFB1B4D61AC002B41D8 /* CALayer+borderUIColor.swift in Sources */,
				CA01F68C1B2E36270024481E /* DefaultsConstants.swift in Sources */,
				09CA7CF91B4D580B002B41D8 /* BorderButton.swift in Sources */,
				09754ED61B31ADF5007C3B95 /* DaysForwardOptions.swift in Sources */,
				09754EED1B31BEF5007C3B95 /* SelectCalendarsViewController.swift in Sources */,
				09754ED41B31AA08007C3B95 /* OptionCell.swift in Sources */,
				092389AA1B1D9C92000CC3D6 /* MainViewController.swift in Sources */,
				092389A81B1D9C92000CC3D6 /* AppDelegate.swift in Sources */,
				CA46B3981B4E4BB90054665D /* AnimationUtilities.swift in Sources */,
				09CA7CFD1B4D63C0002B41D8 /* IntroDismissTransition.swift in Sources */,
				CA46B39A1B4E4C440054665D /* SettingsButtonSegue.swift in Sources */,
				096E19011B4FCD2300D0EF79 /* DoneUnwindSegue.swift in Sources */,
				09754ED21B31A912007C3B95 /* DaysForwardViewController.swift in Sources */,
			);
			runOnlyForDeploymentPostprocessing = 0;
		};
		092389B31B1D9C92000CC3D6 /* Sources */ = {
			isa = PBXSourcesBuildPhase;
			buildActionMask = 2147483647;
			files = (
				092389BE1B1D9C92000CC3D6 /* MoreThanTodayTests.swift in Sources */,
			);
			runOnlyForDeploymentPostprocessing = 0;
		};
		092389C71B1D9D17000CC3D6 /* Sources */ = {
			isa = PBXSourcesBuildPhase;
			buildActionMask = 2147483647;
			files = (
				CA33D5FB1B5C376600A9E33B /* Event.swift in Sources */,
				092389E01B1D9D53000CC3D6 /* EventCell.swift in Sources */,
				09A31E421B4480A7009B7401 /* EmptyStateCell.swift in Sources */,
				093F576F1BB970DD00E5ECC6 /* HeaderPresenter.swift in Sources */,
				CA01F68D1B2E366A0024481E /* DefaultsConstants.swift in Sources */,
				CA0D1B991B2E2A7300C8F557 /* DatesHelper.swift in Sources */,
				09CE0E061B3AF0E00025BA5D /* EventCache.swift in Sources */,
				092389D31B1D9D17000CC3D6 /* TodayViewController.swift in Sources */,
				CA99DA841B2AF50A00267948 /* EventPresenter.swift in Sources */,
			);
			runOnlyForDeploymentPostprocessing = 0;
		};
/* End PBXSourcesBuildPhase section */

/* Begin PBXTargetDependency section */
		092389B91B1D9C92000CC3D6 /* PBXTargetDependency */ = {
			isa = PBXTargetDependency;
			target = 092389A11B1D9C92000CC3D6 /* MoreThanToday */;
			targetProxy = 092389B81B1D9C92000CC3D6 /* PBXContainerItemProxy */;
		};
		092389D71B1D9D17000CC3D6 /* PBXTargetDependency */ = {
			isa = PBXTargetDependency;
			target = 092389CA1B1D9D17000CC3D6 /* MoreThanTodayWidget */;
			targetProxy = 092389D61B1D9D17000CC3D6 /* PBXContainerItemProxy */;
		};
/* End PBXTargetDependency section */

/* Begin PBXVariantGroup section */
		09754ED71B31B675007C3B95 /* LaunchScreen.xib */ = {
			isa = PBXVariantGroup;
			children = (
				09754ED81B31B675007C3B95 /* Base */,
			);
			name = LaunchScreen.xib;
			sourceTree = "<group>";
		};
		09754ED91B31B675007C3B95 /* Main.storyboard */ = {
			isa = PBXVariantGroup;
			children = (
				09754EDA1B31B675007C3B95 /* Base */,
			);
			name = Main.storyboard;
			sourceTree = "<group>";
		};
		09754EDD1B31B7F4007C3B95 /* Settings.strings */ = {
			isa = PBXVariantGroup;
			children = (
				09754EDE1B31B7F4007C3B95 /* Base */,
				09754EEA1B31BC33007C3B95 /* en */,
			);
			name = Settings.strings;
			sourceTree = "<group>";
		};
		09754EE51B31BC27007C3B95 /* Widget.strings */ = {
			isa = PBXVariantGroup;
			children = (
				09754EE61B31BC27007C3B95 /* Base */,
				09754EEB1B31BC54007C3B95 /* en */,
			);
			name = Widget.strings;
			sourceTree = "<group>";
		};
/* End PBXVariantGroup section */

/* Begin XCBuildConfiguration section */
		092389BF1B1D9C92000CC3D6 /* Debug */ = {
			isa = XCBuildConfiguration;
			buildSettings = {
				ALWAYS_SEARCH_USER_PATHS = NO;
				CLANG_CXX_LANGUAGE_STANDARD = "gnu++0x";
				CLANG_CXX_LIBRARY = "libc++";
				CLANG_ENABLE_MODULES = YES;
				CLANG_ENABLE_OBJC_ARC = YES;
				CLANG_WARN_BOOL_CONVERSION = YES;
				CLANG_WARN_CONSTANT_CONVERSION = YES;
				CLANG_WARN_DIRECT_OBJC_ISA_USAGE = YES_ERROR;
				CLANG_WARN_EMPTY_BODY = YES;
				CLANG_WARN_ENUM_CONVERSION = YES;
				CLANG_WARN_INT_CONVERSION = YES;
				CLANG_WARN_OBJC_ROOT_CLASS = YES_ERROR;
				CLANG_WARN_UNREACHABLE_CODE = YES;
				CLANG_WARN__DUPLICATE_METHOD_MATCH = YES;
				"CODE_SIGN_IDENTITY[sdk=iphoneos*]" = "iPhone Developer";
				COPY_PHASE_STRIP = NO;
				DEBUG_INFORMATION_FORMAT = "dwarf-with-dsym";
				ENABLE_STRICT_OBJC_MSGSEND = YES;
				GCC_C_LANGUAGE_STANDARD = gnu99;
				GCC_DYNAMIC_NO_PIC = NO;
				GCC_NO_COMMON_BLOCKS = YES;
				GCC_OPTIMIZATION_LEVEL = 0;
				GCC_PREPROCESSOR_DEFINITIONS = (
					"DEBUG=1",
					"$(inherited)",
				);
				GCC_SYMBOLS_PRIVATE_EXTERN = NO;
				GCC_WARN_64_TO_32_BIT_CONVERSION = YES;
				GCC_WARN_ABOUT_RETURN_TYPE = YES_ERROR;
				GCC_WARN_UNDECLARED_SELECTOR = YES;
				GCC_WARN_UNINITIALIZED_AUTOS = YES_AGGRESSIVE;
				GCC_WARN_UNUSED_FUNCTION = YES;
				GCC_WARN_UNUSED_VARIABLE = YES;
				IPHONEOS_DEPLOYMENT_TARGET = 8.0;
				MTL_ENABLE_DEBUG_INFO = YES;
				ONLY_ACTIVE_ARCH = YES;
				SDKROOT = iphoneos;
				SWIFT_OPTIMIZATION_LEVEL = "-Onone";
				TARGETED_DEVICE_FAMILY = "1,2";
			};
			name = Debug;
		};
		092389C01B1D9C92000CC3D6 /* Release */ = {
			isa = XCBuildConfiguration;
			buildSettings = {
				ALWAYS_SEARCH_USER_PATHS = NO;
				CLANG_CXX_LANGUAGE_STANDARD = "gnu++0x";
				CLANG_CXX_LIBRARY = "libc++";
				CLANG_ENABLE_MODULES = YES;
				CLANG_ENABLE_OBJC_ARC = YES;
				CLANG_WARN_BOOL_CONVERSION = YES;
				CLANG_WARN_CONSTANT_CONVERSION = YES;
				CLANG_WARN_DIRECT_OBJC_ISA_USAGE = YES_ERROR;
				CLANG_WARN_EMPTY_BODY = YES;
				CLANG_WARN_ENUM_CONVERSION = YES;
				CLANG_WARN_INT_CONVERSION = YES;
				CLANG_WARN_OBJC_ROOT_CLASS = YES_ERROR;
				CLANG_WARN_UNREACHABLE_CODE = YES;
				CLANG_WARN__DUPLICATE_METHOD_MATCH = YES;
				"CODE_SIGN_IDENTITY[sdk=iphoneos*]" = "iPhone Developer";
				COPY_PHASE_STRIP = NO;
				DEBUG_INFORMATION_FORMAT = "dwarf-with-dsym";
				ENABLE_NS_ASSERTIONS = NO;
				ENABLE_STRICT_OBJC_MSGSEND = YES;
				GCC_C_LANGUAGE_STANDARD = gnu99;
				GCC_NO_COMMON_BLOCKS = YES;
				GCC_WARN_64_TO_32_BIT_CONVERSION = YES;
				GCC_WARN_ABOUT_RETURN_TYPE = YES_ERROR;
				GCC_WARN_UNDECLARED_SELECTOR = YES;
				GCC_WARN_UNINITIALIZED_AUTOS = YES_AGGRESSIVE;
				GCC_WARN_UNUSED_FUNCTION = YES;
				GCC_WARN_UNUSED_VARIABLE = YES;
				IPHONEOS_DEPLOYMENT_TARGET = 8.0;
				MTL_ENABLE_DEBUG_INFO = NO;
				SDKROOT = iphoneos;
				TARGETED_DEVICE_FAMILY = "1,2";
				VALIDATE_PRODUCT = YES;
			};
			name = Release;
		};
		092389C21B1D9C92000CC3D6 /* Debug */ = {
			isa = XCBuildConfiguration;
			buildSettings = {
				ASSETCATALOG_COMPILER_APPICON_NAME = AppIcon;
				CODE_SIGN_ENTITLEMENTS = MoreThanToday/MoreThanToday.entitlements;
				CODE_SIGN_IDENTITY = "iPhone Developer";
				"CODE_SIGN_IDENTITY[sdk=iphoneos*]" = "iPhone Developer";
				INFOPLIST_FILE = MoreThanToday/Info.plist;
				LD_RUNPATH_SEARCH_PATHS = "$(inherited) @executable_path/Frameworks";
				PRODUCT_NAME = "$(TARGET_NAME)";
				PROVISIONING_PROFILE = "";
			};
			name = Debug;
		};
		092389C31B1D9C92000CC3D6 /* Release */ = {
			isa = XCBuildConfiguration;
			buildSettings = {
				ASSETCATALOG_COMPILER_APPICON_NAME = AppIcon;
				CODE_SIGN_ENTITLEMENTS = MoreThanToday/MoreThanToday.entitlements;
				CODE_SIGN_IDENTITY = "iPhone Developer";
				"CODE_SIGN_IDENTITY[sdk=iphoneos*]" = "iPhone Developer";
				INFOPLIST_FILE = MoreThanToday/Info.plist;
				LD_RUNPATH_SEARCH_PATHS = "$(inherited) @executable_path/Frameworks";
				PRODUCT_NAME = "$(TARGET_NAME)";
				PROVISIONING_PROFILE = "";
			};
			name = Release;
		};
		092389C51B1D9C92000CC3D6 /* Debug */ = {
			isa = XCBuildConfiguration;
			buildSettings = {
				BUNDLE_LOADER = "$(TEST_HOST)";
				FRAMEWORK_SEARCH_PATHS = (
					"$(SDKROOT)/Developer/Library/Frameworks",
					"$(inherited)",
				);
				GCC_PREPROCESSOR_DEFINITIONS = (
					"DEBUG=1",
					"$(inherited)",
				);
				INFOPLIST_FILE = MoreThanTodayTests/Info.plist;
				LD_RUNPATH_SEARCH_PATHS = "$(inherited) @executable_path/Frameworks @loader_path/Frameworks";
				PRODUCT_NAME = "$(TARGET_NAME)";
				TEST_HOST = "$(BUILT_PRODUCTS_DIR)/MoreThanToday.app/MoreThanToday";
			};
			name = Debug;
		};
		092389C61B1D9C92000CC3D6 /* Release */ = {
			isa = XCBuildConfiguration;
			buildSettings = {
				BUNDLE_LOADER = "$(TEST_HOST)";
				FRAMEWORK_SEARCH_PATHS = (
					"$(SDKROOT)/Developer/Library/Frameworks",
					"$(inherited)",
				);
				INFOPLIST_FILE = MoreThanTodayTests/Info.plist;
				LD_RUNPATH_SEARCH_PATHS = "$(inherited) @executable_path/Frameworks @loader_path/Frameworks";
				PRODUCT_NAME = "$(TARGET_NAME)";
				TEST_HOST = "$(BUILT_PRODUCTS_DIR)/MoreThanToday.app/MoreThanToday";
			};
			name = Release;
		};
		092389DA1B1D9D17000CC3D6 /* Debug */ = {
			isa = XCBuildConfiguration;
			buildSettings = {
				CODE_SIGN_ENTITLEMENTS = MoreThanTodayWidget/MoreThanTodayWidget.entitlements;
				CODE_SIGN_IDENTITY = "iPhone Developer";
				"CODE_SIGN_IDENTITY[sdk=iphoneos*]" = "iPhone Developer";
				GCC_PREPROCESSOR_DEFINITIONS = (
					"DEBUG=1",
					"$(inherited)",
				);
				INFOPLIST_FILE = MoreThanTodayWidget/Info.plist;
				LD_RUNPATH_SEARCH_PATHS = "$(inherited) @executable_path/Frameworks @executable_path/../../Frameworks";
				PRODUCT_NAME = "$(TARGET_NAME)";
				PROVISIONING_PROFILE = "";
				SKIP_INSTALL = YES;
			};
			name = Debug;
		};
		092389DB1B1D9D17000CC3D6 /* Release */ = {
			isa = XCBuildConfiguration;
			buildSettings = {
				CODE_SIGN_ENTITLEMENTS = MoreThanTodayWidget/MoreThanTodayWidget.entitlements;
				CODE_SIGN_IDENTITY = "iPhone Developer";
				"CODE_SIGN_IDENTITY[sdk=iphoneos*]" = "iPhone Developer";
				INFOPLIST_FILE = MoreThanTodayWidget/Info.plist;
				LD_RUNPATH_SEARCH_PATHS = "$(inherited) @executable_path/Frameworks @executable_path/../../Frameworks";
				PRODUCT_NAME = "$(TARGET_NAME)";
				PROVISIONING_PROFILE = "";
				SKIP_INSTALL = YES;
			};
			name = Release;
		};
/* End XCBuildConfiguration section */

/* Begin XCConfigurationList section */
		0923899D1B1D9C92000CC3D6 /* Build configuration list for PBXProject "MoreThanToday" */ = {
			isa = XCConfigurationList;
			buildConfigurations = (
				092389BF1B1D9C92000CC3D6 /* Debug */,
				092389C01B1D9C92000CC3D6 /* Release */,
			);
			defaultConfigurationIsVisible = 0;
			defaultConfigurationName = Release;
		};
		092389C11B1D9C92000CC3D6 /* Build configuration list for PBXNativeTarget "MoreThanToday" */ = {
			isa = XCConfigurationList;
			buildConfigurations = (
				092389C21B1D9C92000CC3D6 /* Debug */,
				092389C31B1D9C92000CC3D6 /* Release */,
			);
			defaultConfigurationIsVisible = 0;
			defaultConfigurationName = Release;
		};
		092389C41B1D9C92000CC3D6 /* Build configuration list for PBXNativeTarget "MoreThanTodayTests" */ = {
			isa = XCConfigurationList;
			buildConfigurations = (
				092389C51B1D9C92000CC3D6 /* Debug */,
				092389C61B1D9C92000CC3D6 /* Release */,
			);
			defaultConfigurationIsVisible = 0;
			defaultConfigurationName = Release;
		};
		092389D91B1D9D17000CC3D6 /* Build configuration list for PBXNativeTarget "MoreThanTodayWidget" */ = {
			isa = XCConfigurationList;
			buildConfigurations = (
				092389DA1B1D9D17000CC3D6 /* Debug */,
				092389DB1B1D9D17000CC3D6 /* Release */,
			);
			defaultConfigurationIsVisible = 0;
			defaultConfigurationName = Release;
		};
/* End XCConfigurationList section */
	};
	rootObject = 0923899A1B1D9C92000CC3D6 /* Project object */;
}
